// !$*UTF8*$!
{
	archiveVersion = 1;
	classes = {
	};
	objectVersion = 46;
	objects = {

/* Begin PBXBuildFile section */
		8A74CD0F1A1CEADA0054744D /* project4.cpp in Sources */ = {isa = PBXBuildFile; fileRef = 8A74CD0D1A1CEADA0054744D /* project4.cpp */; };
/* End PBXBuildFile section */

/* Begin PBXCopyFilesBuildPhase section */
		8AD2B2F31A1BA3C400D98AAD /* CopyFiles */ = {
			isa = PBXCopyFilesBuildPhase;
			buildActionMask = 2147483647;
			dstPath = /usr/share/man/man1/;
			dstSubfolderSpec = 0;
			files = (
			);
			runOnlyForDeploymentPostprocessing = 1;
		};
/* End PBXCopyFilesBuildPhase section */

/* Begin PBXFileReference section */
		8A74CD0D1A1CEADA0054744D /* project4.cpp */ = {isa = PBXFileReference; fileEncoding = 4; lastKnownFileType = sourcecode.cpp.cpp; path = project4.cpp; sourceTree = SOURCE_ROOT; };
		8A74CD0E1A1CEADA0054744D /* project4.h */ = {isa = PBXFileReference; fileEncoding = 4; lastKnownFileType = sourcecode.c.h; path = project4.h; sourceTree = SOURCE_ROOT; };
		8AD2B2F51A1BA3C400D98AAD /* EECS281P4 */ = {isa = PBXFileReference; explicitFileType = "compiled.mach-o.executable"; includeInIndex = 0; path = EECS281P4; sourceTree = BUILT_PRODUCTS_DIR; };
/* End PBXFileReference section */

/* Begin PBXFrameworksBuildPhase section */
		8AD2B2F21A1BA3C400D98AAD /* Frameworks */ = {
			isa = PBXFrameworksBuildPhase;
			buildActionMask = 2147483647;
			files = (
			);
			runOnlyForDeploymentPostprocessing = 0;
		};
/* End PBXFrameworksBuildPhase section */

/* Begin PBXGroup section */
		8AD2B2EC1A1BA3C400D98AAD = {
			isa = PBXGroup;
			children = (
				8AD2B2F71A1BA3C400D98AAD /* EECS281P4 */,
				8AD2B2F61A1BA3C400D98AAD /* Products */,
			);
			sourceTree = "<group>";
		};
		8AD2B2F61A1BA3C400D98AAD /* Products */ = {
			isa = PBXGroup;
			children = (
				8AD2B2F51A1BA3C400D98AAD /* EECS281P4 */,
			);
			name = Products;
			sourceTree = "<group>";
		};
		8AD2B2F71A1BA3C400D98AAD /* EECS281P4 */ = {
			isa = PBXGroup;
			children = (
				8A74CD0D1A1CEADA0054744D /* project4.cpp */,
				8A74CD0E1A1CEADA0054744D /* project4.h */,
			);
			path = EECS281P4;
			sourceTree = "<group>";
		};
/* End PBXGroup section */

/* Begin PBXNativeTarget section */
		8AD2B2F41A1BA3C400D98AAD /* EECS281P4 */ = {
			isa = PBXNativeTarget;
			buildConfigurationList = 8AD2B2FE1A1BA3C400D98AAD /* Build configuration list for PBXNativeTarget "EECS281P4" */;
			buildPhases = (
				8AD2B2F11A1BA3C400D98AAD /* Sources */,
				8AD2B2F21A1BA3C400D98AAD /* Frameworks */,
				8AD2B2F31A1BA3C400D98AAD /* CopyFiles */,
			);
			buildRules = (
			);
			dependencies = (
			);
			name = EECS281P4;
			productName = EECS281P4;
			productReference = 8AD2B2F51A1BA3C400D98AAD /* EECS281P4 */;
			productType = "com.apple.product-type.tool";
		};
/* End PBXNativeTarget section */

/* Begin PBXProject section */
		8AD2B2ED1A1BA3C400D98AAD /* Project object */ = {
			isa = PBXProject;
			attributes = {
				LastUpgradeCheck = 0510;
				ORGANIZATIONNAME = eecs281;
			};
			buildConfigurationList = 8AD2B2F01A1BA3C400D98AAD /* Build configuration list for PBXProject "EECS281P4" */;
			compatibilityVersion = "Xcode 3.2";
			developmentRegion = English;
			hasScannedForEncodings = 0;
			knownRegions = (
				en,
			);
			mainGroup = 8AD2B2EC1A1BA3C400D98AAD;
			productRefGroup = 8AD2B2F61A1BA3C400D98AAD /* Products */;
			projectDirPath = "";
			projectRoot = "";
			targets = (
				8AD2B2F41A1BA3C400D98AAD /* EECS281P4 */,
			);
		};
/* End PBXProject section */

/* Begin PBXSourcesBuildPhase section */
		8AD2B2F11A1BA3C400D98AAD /* Sources */ = {
			isa = PBXSourcesBuildPhase;
			buildActionMask = 2147483647;
			files = (
				8A74CD0F1A1CEADA0054744D /* project4.cpp in Sources */,
			);
			runOnlyForDeploymentPostprocessing = 0;
		};
/* End PBXSourcesBuildPhase section */

/* Begin XCBuildConfiguration section */
		8AD2B2FC1A1BA3C400D98AAD /* Debug */ = {
			isa = XCBuildConfiguration;
			buildSettings = {
				ALWAYS_SEARCH_USER_PATHS = NO;
				CLANG_CXX_LANGUAGE_STANDARD = "gnu++0x";
				CLANG_CXX_LIBRARY = "libc++";
				CLANG_ENABLE_MODULES = YES;
				CLANG_ENABLE_OBJC_ARC = YES;
				CLANG_WARN_BOOL_CONVERSION = YES;
				CLANG_WARN_CONSTANT_CONVERSION = YES;
				CLANG_WARN_DIRECT_OBJC_ISA_USAGE = YES_ERROR;
				CLANG_WARN_EMPTY_BODY = YES;
				CLANG_WARN_ENUM_CONVERSION = YES;
				CLANG_WARN_INT_CONVERSION = YES;
				CLANG_WARN_OBJC_ROOT_CLASS = YES_ERROR;
				CLANG_WARN__DUPLICATE_METHOD_MATCH = YES;
				COPY_PHASE_STRIP = NO;
				GCC_C_LANGUAGE_STANDARD = gnu99;
				GCC_DYNAMIC_NO_PIC = NO;
				GCC_ENABLE_OBJC_EXCEPTIONS = YES;
				GCC_OPTIMIZATION_LEVEL = 0;
				GCC_PREPROCESSOR_DEFINITIONS = (
					"DEBUG=1",
					"$(inherited)",
				);
				GCC_SYMBOLS_PRIVATE_EXTERN = NO;
				GCC_WARN_64_TO_32_BIT_CONVERSION = YES;
				GCC_WARN_ABOUT_RETURN_TYPE = YES_ERROR;
				GCC_WARN_UNDECLARED_SELECTOR = YES;
				GCC_WARN_UNINITIALIZED_AUTOS = YES_AGGRESSIVE;
				GCC_WARN_UNUSED_FUNCTION = YES;
				GCC_WARN_UNUSED_VARIABLE = YES;
				MACOSX_DEPLOYMENT_TARGET = 10.8;
				ONLY_ACTIVE_ARCH = YES;
				SDKROOT = macosx;
			};
			name = Debug;
		};
		8AD2B2FD1A1BA3C400D98AAD /* Release */ = {
			isa = XCBuildConfiguration;
			buildSettings = {
				ALWAYS_SEARCH_USER_PATHS = NO;
				CLANG_CXX_LANGUAGE_STANDARD = "gnu++0x";
				CLANG_CXX_LIBRARY = "libc++";
				CLANG_ENABLE_MODULES = YES;
				CLANG_ENABLE_OBJC_ARC = YES;
				CLANG_WARN_BOOL_CONVERSION = YES;
				CLANG_WARN_CONSTANT_CONVERSION = YES;
				CLANG_WARN_DIRECT_OBJC_ISA_USAGE = YES_ERROR;
				CLANG_WARN_EMPTY_BODY = YES;
				CLANG_WARN_ENUM_CONVERSION = YES;
				CLANG_WARN_INT_CONVERSION = YES;
				CLANG_WARN_OBJC_ROOT_CLASS = YES_ERROR;
				CLANG_WARN__DUPLICATE_METHOD_MATCH = YES;
				COPY_PHASE_STRIP = YES;
				DEBUG_INFORMATION_FORMAT = "dwarf-with-dsym";
				ENABLE_NS_ASSERTIONS = NO;
				GCC_C_LANGUAGE_STANDARD = gnu99;
				GCC_ENABLE_OBJC_EXCEPTIONS = YES;
				GCC_WARN_64_TO_32_BIT_CONVERSION = YES;
				GCC_WARN_ABOUT_RETURN_TYPE = YES_ERROR;
				GCC_WARN_UNDECLARED_SELECTOR = YES;
				GCC_WARN_UNINITIALIZED_AUTOS = YES_AGGRESSIVE;
				GCC_WARN_UNUSED_FUNCTION = YES;
				GCC_WARN_UNUSED_VARIABLE = YES;
				MACOSX_DEPLOYMENT_TARGET = 10.8;
				SDKROOT = macosx;
			};
			name = Release;
		};
		8AD2B2FF1A1BA3C400D98AAD /* Debug */ = {
			isa = XCBuildConfiguration;
			buildSettings = {
				PRODUCT_NAME = "$(TARGET_NAME)";
			};
			name = Debug;
		};
		8AD2B3001A1BA3C400D98AAD /* Release */ = {
			isa = XCBuildConfiguration;
			buildSettings = {
				PRODUCT_NAME = "$(TARGET_NAME)";
			};
			name = Release;
		};
/* End XCBuildConfiguration section */

/* Begin XCConfigurationList section */
		8AD2B2F01A1BA3C400D98AAD /* Build configuration list for PBXProject "EECS281P4" */ = {
			isa = XCConfigurationList;
			buildConfigurations = (
				8AD2B2FC1A1BA3C400D98AAD /* Debug */,
				8AD2B2FD1A1BA3C400D98AAD /* Release */,
			);
			defaultConfigurationIsVisible = 0;
			defaultConfigurationName = Release;
		};
		8AD2B2FE1A1BA3C400D98AAD /* Build configuration list for PBXNativeTarget "EECS281P4" */ = {
			isa = XCConfigurationList;
			buildConfigurations = (
				8AD2B2FF1A1BA3C400D98AAD /* Debug */,
				8AD2B3001A1BA3C400D98AAD /* Release */,
			);
			defaultConfigurationIsVisible = 0;
			defaultConfigurationName = Release;
		};
/* End XCConfigurationList section */
	};
	rootObject = 8AD2B2ED1A1BA3C400D98AAD /* Project object */;
}
